
Microsoft Visual Studio Solution File, Format Version 11.00
# Visual Studio 2010
Project("{00000000-0000-0000-0000-000000000000}") = "Prueba", "Prueba.phpproj", "{8060B0CD-1695-4DB9-B397-7C40F46E3FD2}"
EndProject
Global
	GlobalSection(SolutionConfigurationPlatforms) = preSolution
		Debug|Any CPU = Debug|Any CPU
		Release|Any CPU = Release|Any CPU
	EndGlobalSection
	GlobalSection(ProjectConfigurationPlatforms) = postSolution
		{8060B0CD-1695-4DB9-B397-7C40F46E3FD2}.Debug|Any CPU.ActiveCfg = Debug|Any CPU
		{8060B0CD-1695-4DB9-B397-7C40F46E3FD2}.Release|Any CPU.ActiveCfg = Release|Any CPU
	EndGlobalSection
	GlobalSection(SolutionProperties) = preSolution
		HideSolutionNode = FALSE
	EndGlobalSection
EndGlobal
